// !$*UTF8*$!
{
	archiveVersion = 1;
	classes = {
	};
	objectVersion = 50;
	objects = {

/* Begin PBXBuildFile section */
		05F5BBE6247CDBB100EE9090 /* AppDelegate.swift in Sources */ = {isa = PBXBuildFile; fileRef = 05F5BBE5247CDBB100EE9090 /* AppDelegate.swift */; };
		05F5BBE8247CDBB100EE9090 /* SceneDelegate.swift in Sources */ = {isa = PBXBuildFile; fileRef = 05F5BBE7247CDBB100EE9090 /* SceneDelegate.swift */; };
		05F5BBEA247CDBB200EE9090 /* ViewController.swift in Sources */ = {isa = PBXBuildFile; fileRef = 05F5BBE9247CDBB200EE9090 /* ViewController.swift */; };
		05F5BBED247CDBB200EE9090 /* Main.storyboard in Resources */ = {isa = PBXBuildFile; fileRef = 05F5BBEB247CDBB200EE9090 /* Main.storyboard */; };
		05F5BBF0247CDBB200EE9090 /* ViewControllerStateMachine.xcdatamodeld in Sources */ = {isa = PBXBuildFile; fileRef = 05F5BBEE247CDBB200EE9090 /* ViewControllerStateMachine.xcdatamodeld */; };
		05F5BBF2247CDBB200EE9090 /* Assets.xcassets in Resources */ = {isa = PBXBuildFile; fileRef = 05F5BBF1247CDBB200EE9090 /* Assets.xcassets */; };
		05F5BBF5247CDBB200EE9090 /* LaunchScreen.storyboard in Resources */ = {isa = PBXBuildFile; fileRef = 05F5BBF3247CDBB200EE9090 /* LaunchScreen.storyboard */; };
		05F5BC00247CDBB200EE9090 /* ViewControllerStateMachineTests.swift in Sources */ = {isa = PBXBuildFile; fileRef = 05F5BBFF247CDBB200EE9090 /* ViewControllerStateMachineTests.swift */; };
		05F5BC0B247CDBB200EE9090 /* ViewControllerStateMachineUITests.swift in Sources */ = {isa = PBXBuildFile; fileRef = 05F5BC0A247CDBB200EE9090 /* ViewControllerStateMachineUITests.swift */; };
/* End PBXBuildFile section */

/* Begin PBXContainerItemProxy section */
		05F5BBFC247CDBB200EE9090 /* PBXContainerItemProxy */ = {
			isa = PBXContainerItemProxy;
			containerPortal = 05F5BBDA247CDBB100EE9090 /* Project object */;
			proxyType = 1;
			remoteGlobalIDString = 05F5BBE1247CDBB100EE9090;
			remoteInfo = ViewControllerStateMachine;
		};
		05F5BC07247CDBB200EE9090 /* PBXContainerItemProxy */ = {
			isa = PBXContainerItemProxy;
			containerPortal = 05F5BBDA247CDBB100EE9090 /* Project object */;
			proxyType = 1;
			remoteGlobalIDString = 05F5BBE1247CDBB100EE9090;
			remoteInfo = ViewControllerStateMachine;
		};
/* End PBXContainerItemProxy section */

/* Begin PBXFileReference section */
		05F5BBE2247CDBB100EE9090 /* ViewControllerStateMachine.app */ = {isa = PBXFileReference; explicitFileType = wrapper.application; includeInIndex = 0; path = ViewControllerStateMachine.app; sourceTree = BUILT_PRODUCTS_DIR; };
		05F5BBE5247CDBB100EE9090 /* AppDelegate.swift */ = {isa = PBXFileReference; lastKnownFileType = sourcecode.swift; path = AppDelegate.swift; sourceTree = "<group>"; };
		05F5BBE7247CDBB100EE9090 /* SceneDelegate.swift */ = {isa = PBXFileReference; lastKnownFileType = sourcecode.swift; path = SceneDelegate.swift; sourceTree = "<group>"; };
		05F5BBE9247CDBB200EE9090 /* ViewController.swift */ = {isa = PBXFileReference; lastKnownFileType = sourcecode.swift; path = ViewController.swift; sourceTree = "<group>"; };
		05F5BBEC247CDBB200EE9090 /* Base */ = {isa = PBXFileReference; lastKnownFileType = file.storyboard; name = Base; path = Base.lproj/Main.storyboard; sourceTree = "<group>"; };
		05F5BBEF247CDBB200EE9090 /* ViewControllerStateMachine.xcdatamodel */ = {isa = PBXFileReference; lastKnownFileType = wrapper.xcdatamodel; path = ViewControllerStateMachine.xcdatamodel; sourceTree = "<group>"; };
		05F5BBF1247CDBB200EE9090 /* Assets.xcassets */ = {isa = PBXFileReference; lastKnownFileType = folder.assetcatalog; path = Assets.xcassets; sourceTree = "<group>"; };
		05F5BBF4247CDBB200EE9090 /* Base */ = {isa = PBXFileReference; lastKnownFileType = file.storyboard; name = Base; path = Base.lproj/LaunchScreen.storyboard; sourceTree = "<group>"; };
		05F5BBF6247CDBB200EE9090 /* Info.plist */ = {isa = PBXFileReference; lastKnownFileType = text.plist.xml; path = Info.plist; sourceTree = "<group>"; };
		05F5BBFB247CDBB200EE9090 /* ViewControllerStateMachineTests.xctest */ = {isa = PBXFileReference; explicitFileType = wrapper.cfbundle; includeInIndex = 0; path = ViewControllerStateMachineTests.xctest; sourceTree = BUILT_PRODUCTS_DIR; };
		05F5BBFF247CDBB200EE9090 /* ViewControllerStateMachineTests.swift */ = {isa = PBXFileReference; lastKnownFileType = sourcecode.swift; path = ViewControllerStateMachineTests.swift; sourceTree = "<group>"; };
		05F5BC01247CDBB200EE9090 /* Info.plist */ = {isa = PBXFileReference; lastKnownFileType = text.plist.xml; path = Info.plist; sourceTree = "<group>"; };
		05F5BC06247CDBB200EE9090 /* ViewControllerStateMachineUITests.xctest */ = {isa = PBXFileReference; explicitFileType = wrapper.cfbundle; includeInIndex = 0; path = ViewControllerStateMachineUITests.xctest; sourceTree = BUILT_PRODUCTS_DIR; };
		05F5BC0A247CDBB200EE9090 /* ViewControllerStateMachineUITests.swift */ = {isa = PBXFileReference; lastKnownFileType = sourcecode.swift; path = ViewControllerStateMachineUITests.swift; sourceTree = "<group>"; };
		05F5BC0C247CDBB200EE9090 /* Info.plist */ = {isa = PBXFileReference; lastKnownFileType = text.plist.xml; path = Info.plist; sourceTree = "<group>"; };
/* End PBXFileReference section */

/* Begin PBXFrameworksBuildPhase section */
		05F5BBDF247CDBB100EE9090 /* Frameworks */ = {
			isa = PBXFrameworksBuildPhase;
			buildActionMask = 2147483647;
			files = (
			);
			runOnlyForDeploymentPostprocessing = 0;
		};
		05F5BBF8247CDBB200EE9090 /* Frameworks */ = {
			isa = PBXFrameworksBuildPhase;
			buildActionMask = 2147483647;
			files = (
			);
			runOnlyForDeploymentPostprocessing = 0;
		};
		05F5BC03247CDBB200EE9090 /* Frameworks */ = {
			isa = PBXFrameworksBuildPhase;
			buildActionMask = 2147483647;
			files = (
			);
			runOnlyForDeploymentPostprocessing = 0;
		};
/* End PBXFrameworksBuildPhase section */

/* Begin PBXGroup section */
		05F5BBD9247CDBB100EE9090 = {
			isa = PBXGroup;
			children = (
				05F5BBE4247CDBB100EE9090 /* ViewControllerStateMachine */,
				05F5BBFE247CDBB200EE9090 /* ViewControllerStateMachineTests */,
				05F5BC09247CDBB200EE9090 /* ViewControllerStateMachineUITests */,
				05F5BBE3247CDBB100EE9090 /* Products */,
			);
			sourceTree = "<group>";
		};
		05F5BBE3247CDBB100EE9090 /* Products */ = {
			isa = PBXGroup;
			children = (
				05F5BBE2247CDBB100EE9090 /* ViewControllerStateMachine.app */,
				05F5BBFB247CDBB200EE9090 /* ViewControllerStateMachineTests.xctest */,
				05F5BC06247CDBB200EE9090 /* ViewControllerStateMachineUITests.xctest */,
			);
			name = Products;
			sourceTree = "<group>";
		};
		05F5BBE4247CDBB100EE9090 /* ViewControllerStateMachine */ = {
			isa = PBXGroup;
			children = (
				05F5BBE5247CDBB100EE9090 /* AppDelegate.swift */,
				05F5BBE7247CDBB100EE9090 /* SceneDelegate.swift */,
				05F5BBE9247CDBB200EE9090 /* ViewController.swift */,
				05F5BBEB247CDBB200EE9090 /* Main.storyboard */,
				05F5BBF1247CDBB200EE9090 /* Assets.xcassets */,
				05F5BBF3247CDBB200EE9090 /* LaunchScreen.storyboard */,
				05F5BBF6247CDBB200EE9090 /* Info.plist */,
				05F5BBEE247CDBB200EE9090 /* ViewControllerStateMachine.xcdatamodeld */,
			);
			path = ViewControllerStateMachine;
			sourceTree = "<group>";
		};
		05F5BBFE247CDBB200EE9090 /* ViewControllerStateMachineTests */ = {
			isa = PBXGroup;
			children = (
				05F5BBFF247CDBB200EE9090 /* ViewControllerStateMachineTests.swift */,
				05F5BC01247CDBB200EE9090 /* Info.plist */,
			);
			path = ViewControllerStateMachineTests;
			sourceTree = "<group>";
		};
		05F5BC09247CDBB200EE9090 /* ViewControllerStateMachineUITests */ = {
			isa = PBXGroup;
			children = (
				05F5BC0A247CDBB200EE9090 /* ViewControllerStateMachineUITests.swift */,
				05F5BC0C247CDBB200EE9090 /* Info.plist */,
			);
			path = ViewControllerStateMachineUITests;
			sourceTree = "<group>";
		};
/* End PBXGroup section */

/* Begin PBXNativeTarget section */
		05F5BBE1247CDBB100EE9090 /* ViewControllerStateMachine */ = {
			isa = PBXNativeTarget;
			buildConfigurationList = 05F5BC0F247CDBB200EE9090 /* Build configuration list for PBXNativeTarget "ViewControllerStateMachine" */;
			buildPhases = (
				05F5BBDE247CDBB100EE9090 /* Sources */,
				05F5BBDF247CDBB100EE9090 /* Frameworks */,
				05F5BBE0247CDBB100EE9090 /* Resources */,
			);
			buildRules = (
			);
			dependencies = (
			);
			name = ViewControllerStateMachine;
			productName = ViewControllerStateMachine;
			productReference = 05F5BBE2247CDBB100EE9090 /* ViewControllerStateMachine.app */;
			productType = "com.apple.product-type.application";
		};
		05F5BBFA247CDBB200EE9090 /* ViewControllerStateMachineTests */ = {
			isa = PBXNativeTarget;
			buildConfigurationList = 05F5BC12247CDBB200EE9090 /* Build configuration list for PBXNativeTarget "ViewControllerStateMachineTests" */;
			buildPhases = (
				05F5BBF7247CDBB200EE9090 /* Sources */,
				05F5BBF8247CDBB200EE9090 /* Frameworks */,
				05F5BBF9247CDBB200EE9090 /* Resources */,
			);
			buildRules = (
			);
			dependencies = (
				05F5BBFD247CDBB200EE9090 /* PBXTargetDependency */,
			);
			name = ViewControllerStateMachineTests;
			productName = ViewControllerStateMachineTests;
			productReference = 05F5BBFB247CDBB200EE9090 /* ViewControllerStateMachineTests.xctest */;
			productType = "com.apple.product-type.bundle.unit-test";
		};
		05F5BC05247CDBB200EE9090 /* ViewControllerStateMachineUITests */ = {
			isa = PBXNativeTarget;
			buildConfigurationList = 05F5BC15247CDBB200EE9090 /* Build configuration list for PBXNativeTarget "ViewControllerStateMachineUITests" */;
			buildPhases = (
				05F5BC02247CDBB200EE9090 /* Sources */,
				05F5BC03247CDBB200EE9090 /* Frameworks */,
				05F5BC04247CDBB200EE9090 /* Resources */,
			);
			buildRules = (
			);
			dependencies = (
				05F5BC08247CDBB200EE9090 /* PBXTargetDependency */,
			);
			name = ViewControllerStateMachineUITests;
			productName = ViewControllerStateMachineUITests;
			productReference = 05F5BC06247CDBB200EE9090 /* ViewControllerStateMachineUITests.xctest */;
			productType = "com.apple.product-type.bundle.ui-testing";
		};
/* End PBXNativeTarget section */

/* Begin PBXProject section */
		05F5BBDA247CDBB100EE9090 /* Project object */ = {
			isa = PBXProject;
			attributes = {
				LastSwiftUpdateCheck = 1140;
				LastUpgradeCheck = 1140;
				ORGANIZATIONNAME = "Mohit Kumar";
				TargetAttributes = {
					05F5BBE1247CDBB100EE9090 = {
						CreatedOnToolsVersion = 11.4;
					};
					05F5BBFA247CDBB200EE9090 = {
						CreatedOnToolsVersion = 11.4;
						TestTargetID = 05F5BBE1247CDBB100EE9090;
					};
					05F5BC05247CDBB200EE9090 = {
						CreatedOnToolsVersion = 11.4;
						TestTargetID = 05F5BBE1247CDBB100EE9090;
					};
				};
			};
			buildConfigurationList = 05F5BBDD247CDBB100EE9090 /* Build configuration list for PBXProject "ViewControllerStateMachine" */;
			compatibilityVersion = "Xcode 9.3";
			developmentRegion = en;
			hasScannedForEncodings = 0;
			knownRegions = (
				en,
				Base,
			);
			mainGroup = 05F5BBD9247CDBB100EE9090;
			productRefGroup = 05F5BBE3247CDBB100EE9090 /* Products */;
			projectDirPath = "";
			projectRoot = "";
			targets = (
				05F5BBE1247CDBB100EE9090 /* ViewControllerStateMachine */,
				05F5BBFA247CDBB200EE9090 /* ViewControllerStateMachineTests */,
				05F5BC05247CDBB200EE9090 /* ViewControllerStateMachineUITests */,
			);
		};
/* End PBXProject section */

/* Begin PBXResourcesBuildPhase section */
		05F5BBE0247CDBB100EE9090 /* Resources */ = {
			isa = PBXResourcesBuildPhase;
			buildActionMask = 2147483647;
			files = (
				05F5BBF5247CDBB200EE9090 /* LaunchScreen.storyboard in Resources */,
				05F5BBF2247CDBB200EE9090 /* Assets.xcassets in Resources */,
				05F5BBED247CDBB200EE9090 /* Main.storyboard in Resources */,
			);
			runOnlyForDeploymentPostprocessing = 0;
		};
		05F5BBF9247CDBB200EE9090 /* Resources */ = {
			isa = PBXResourcesBuildPhase;
			buildActionMask = 2147483647;
			files = (
			);
			runOnlyForDeploymentPostprocessing = 0;
		};
		05F5BC04247CDBB200EE9090 /* Resources */ = {
			isa = PBXResourcesBuildPhase;
			buildActionMask = 2147483647;
			files = (
			);
			runOnlyForDeploymentPostprocessing = 0;
		};
/* End PBXResourcesBuildPhase section */

/* Begin PBXSourcesBuildPhase section */
		05F5BBDE247CDBB100EE9090 /* Sources */ = {
			isa = PBXSourcesBuildPhase;
			buildActionMask = 2147483647;
			files = (
				05F5BBF0247CDBB200EE9090 /* ViewControllerStateMachine.xcdatamodeld in Sources */,
				05F5BBEA247CDBB200EE9090 /* ViewController.swift in Sources */,
				05F5BBE6247CDBB100EE9090 /* AppDelegate.swift in Sources */,
				05F5BBE8247CDBB100EE9090 /* SceneDelegate.swift in Sources */,
			);
			runOnlyForDeploymentPostprocessing = 0;
		};
		05F5BBF7247CDBB200EE9090 /* Sources */ = {
			isa = PBXSourcesBuildPhase;
			buildActionMask = 2147483647;
			files = (
				05F5BC00247CDBB200EE9090 /* ViewControllerStateMachineTests.swift in Sources */,
			);
			runOnlyForDeploymentPostprocessing = 0;
		};
		05F5BC02247CDBB200EE9090 /* Sources */ = {
			isa = PBXSourcesBuildPhase;
			buildActionMask = 2147483647;
			files = (
				05F5BC0B247CDBB200EE9090 /* ViewControllerStateMachineUITests.swift in Sources */,
			);
			runOnlyForDeploymentPostprocessing = 0;
		};
/* End PBXSourcesBuildPhase section */

/* Begin PBXTargetDependency section */
		05F5BBFD247CDBB200EE9090 /* PBXTargetDependency */ = {
			isa = PBXTargetDependency;
			target = 05F5BBE1247CDBB100EE9090 /* ViewControllerStateMachine */;
			targetProxy = 05F5BBFC247CDBB200EE9090 /* PBXContainerItemProxy */;
		};
		05F5BC08247CDBB200EE9090 /* PBXTargetDependency */ = {
			isa = PBXTargetDependency;
			target = 05F5BBE1247CDBB100EE9090 /* ViewControllerStateMachine */;
			targetProxy = 05F5BC07247CDBB200EE9090 /* PBXContainerItemProxy */;
		};
/* End PBXTargetDependency section */

/* Begin PBXVariantGroup section */
		05F5BBEB247CDBB200EE9090 /* Main.storyboard */ = {
			isa = PBXVariantGroup;
			children = (
				05F5BBEC247CDBB200EE9090 /* Base */,
			);
			name = Main.storyboard;
			sourceTree = "<group>";
		};
		05F5BBF3247CDBB200EE9090 /* LaunchScreen.storyboard */ = {
			isa = PBXVariantGroup;
			children = (
				05F5BBF4247CDBB200EE9090 /* Base */,
			);
			name = LaunchScreen.storyboard;
			sourceTree = "<group>";
		};
/* End PBXVariantGroup section */

/* Begin XCBuildConfiguration section */
		05F5BC0D247CDBB200EE9090 /* Debug */ = {
			isa = XCBuildConfiguration;
			buildSettings = {
				ALWAYS_SEARCH_USER_PATHS = NO;
				CLANG_ANALYZER_NONNULL = YES;
				CLANG_ANALYZER_NUMBER_OBJECT_CONVERSION = YES_AGGRESSIVE;
				CLANG_CXX_LANGUAGE_STANDARD = "gnu++14";
				CLANG_CXX_LIBRARY = "libc++";
				CLANG_ENABLE_MODULES = YES;
				CLANG_ENABLE_OBJC_ARC = YES;
				CLANG_ENABLE_OBJC_WEAK = YES;
				CLANG_WARN_BLOCK_CAPTURE_AUTORELEASING = YES;
				CLANG_WARN_BOOL_CONVERSION = YES;
				CLANG_WARN_COMMA = YES;
				CLANG_WARN_CONSTANT_CONVERSION = YES;
				CLANG_WARN_DEPRECATED_OBJC_IMPLEMENTATIONS = YES;
				CLANG_WARN_DIRECT_OBJC_ISA_USAGE = YES_ERROR;
				CLANG_WARN_DOCUMENTATION_COMMENTS = YES;
				CLANG_WARN_EMPTY_BODY = YES;
				CLANG_WARN_ENUM_CONVERSION = YES;
				CLANG_WARN_INFINITE_RECURSION = YES;
				CLANG_WARN_INT_CONVERSION = YES;
				CLANG_WARN_NON_LITERAL_NULL_CONVERSION = YES;
				CLANG_WARN_OBJC_IMPLICIT_RETAIN_SELF = YES;
				CLANG_WARN_OBJC_LITERAL_CONVERSION = YES;
				CLANG_WARN_OBJC_ROOT_CLASS = YES_ERROR;
				CLANG_WARN_RANGE_LOOP_ANALYSIS = YES;
				CLANG_WARN_STRICT_PROTOTYPES = YES;
				CLANG_WARN_SUSPICIOUS_MOVE = YES;
				CLANG_WARN_UNGUARDED_AVAILABILITY = YES_AGGRESSIVE;
				CLANG_WARN_UNREACHABLE_CODE = YES;
				CLANG_WARN__DUPLICATE_METHOD_MATCH = YES;
				COPY_PHASE_STRIP = NO;
				DEBUG_INFORMATION_FORMAT = dwarf;
				ENABLE_STRICT_OBJC_MSGSEND = YES;
				ENABLE_TESTABILITY = YES;
				GCC_C_LANGUAGE_STANDARD = gnu11;
				GCC_DYNAMIC_NO_PIC = NO;
				GCC_NO_COMMON_BLOCKS = YES;
				GCC_OPTIMIZATION_LEVEL = 0;
				GCC_PREPROCESSOR_DEFINITIONS = (
					"DEBUG=1",
					"$(inherited)",
				);
				GCC_WARN_64_TO_32_BIT_CONVERSION = YES;
				GCC_WARN_ABOUT_RETURN_TYPE = YES_ERROR;
				GCC_WARN_UNDECLARED_SELECTOR = YES;
				GCC_WARN_UNINITIALIZED_AUTOS = YES_AGGRESSIVE;
				GCC_WARN_UNUSED_FUNCTION = YES;
				GCC_WARN_UNUSED_VARIABLE = YES;
				IPHONEOS_DEPLOYMENT_TARGET = 13.4;
				MTL_ENABLE_DEBUG_INFO = INCLUDE_SOURCE;
				MTL_FAST_MATH = YES;
				ONLY_ACTIVE_ARCH = YES;
				SDKROOT = iphoneos;
				SWIFT_ACTIVE_COMPILATION_CONDITIONS = DEBUG;
				SWIFT_OPTIMIZATION_LEVEL = "-Onone";
			};
			name = Debug;
		};
		05F5BC0E247CDBB200EE9090 /* Release */ = {
			isa = XCBuildConfiguration;
			buildSettings = {
				ALWAYS_SEARCH_USER_PATHS = NO;
				CLANG_ANALYZER_NONNULL = YES;
				CLANG_ANALYZER_NUMBER_OBJECT_CONVERSION = YES_AGGRESSIVE;
				CLANG_CXX_LANGUAGE_STANDARD = "gnu++14";
				CLANG_CXX_LIBRARY = "libc++";
				CLANG_ENABLE_MODULES = YES;
				CLANG_ENABLE_OBJC_ARC = YES;
				CLANG_ENABLE_OBJC_WEAK = YES;
				CLANG_WARN_BLOCK_CAPTURE_AUTORELEASING = YES;
				CLANG_WARN_BOOL_CONVERSION = YES;
				CLANG_WARN_COMMA = YES;
				CLANG_WARN_CONSTANT_CONVERSION = YES;
				CLANG_WARN_DEPRECATED_OBJC_IMPLEMENTATIONS = YES;
				CLANG_WARN_DIRECT_OBJC_ISA_USAGE = YES_ERROR;
				CLANG_WARN_DOCUMENTATION_COMMENTS = YES;
				CLANG_WARN_EMPTY_BODY = YES;
				CLANG_WARN_ENUM_CONVERSION = YES;
				CLANG_WARN_INFINITE_RECURSION = YES;
				CLANG_WARN_INT_CONVERSION = YES;
				CLANG_WARN_NON_LITERAL_NULL_CONVERSION = YES;
				CLANG_WARN_OBJC_IMPLICIT_RETAIN_SELF = YES;
				CLANG_WARN_OBJC_LITERAL_CONVERSION = YES;
				CLANG_WARN_OBJC_ROOT_CLASS = YES_ERROR;
				CLANG_WARN_RANGE_LOOP_ANALYSIS = YES;
				CLANG_WARN_STRICT_PROTOTYPES = YES;
				CLANG_WARN_SUSPICIOUS_MOVE = YES;
				CLANG_WARN_UNGUARDED_AVAILABILITY = YES_AGGRESSIVE;
				CLANG_WARN_UNREACHABLE_CODE = YES;
				CLANG_WARN__DUPLICATE_METHOD_MATCH = YES;
				COPY_PHASE_STRIP = NO;
				DEBUG_INFORMATION_FORMAT = "dwarf-with-dsym";
				ENABLE_NS_ASSERTIONS = NO;
				ENABLE_STRICT_OBJC_MSGSEND = YES;
				GCC_C_LANGUAGE_STANDARD = gnu11;
				GCC_NO_COMMON_BLOCKS = YES;
				GCC_WARN_64_TO_32_BIT_CONVERSION = YES;
				GCC_WARN_ABOUT_RETURN_TYPE = YES_ERROR;
				GCC_WARN_UNDECLARED_SELECTOR = YES;
				GCC_WARN_UNINITIALIZED_AUTOS = YES_AGGRESSIVE;
				GCC_WARN_UNUSED_FUNCTION = YES;
				GCC_WARN_UNUSED_VARIABLE = YES;
				IPHONEOS_DEPLOYMENT_TARGET = 13.4;
				MTL_ENABLE_DEBUG_INFO = NO;
				MTL_FAST_MATH = YES;
				SDKROOT = iphoneos;
				SWIFT_COMPILATION_MODE = wholemodule;
				SWIFT_OPTIMIZATION_LEVEL = "-O";
				VALIDATE_PRODUCT = YES;
			};
			name = Release;
		};
		05F5BC10247CDBB200EE9090 /* Debug */ = {
			isa = XCBuildConfiguration;
			buildSettings = {
				ASSETCATALOG_COMPILER_APPICON_NAME = AppIcon;
				CODE_SIGN_STYLE = Automatic;
				INFOPLIST_FILE = ViewControllerStateMachine/Info.plist;
				LD_RUNPATH_SEARCH_PATHS = (
					"$(inherited)",
					"@executable_path/Frameworks",
				);
				PRODUCT_BUNDLE_IDENTIFIER = com.mohit.ViewControllerStateMachine;
				PRODUCT_NAME = "$(TARGET_NAME)";
				SWIFT_VERSION = 5.0;
				TARGETED_DEVICE_FAMILY = "1,2";
			};
			name = Debug;
		};
		05F5BC11247CDBB200EE9090 /* Release */ = {
			isa = XCBuildConfiguration;
			buildSettings = {
				ASSETCATALOG_COMPILER_APPICON_NAME = AppIcon;
				CODE_SIGN_STYLE = Automatic;
				INFOPLIST_FILE = ViewControllerStateMachine/Info.plist;
				LD_RUNPATH_SEARCH_PATHS = (
					"$(inherited)",
					"@executable_path/Frameworks",
				);
				PRODUCT_BUNDLE_IDENTIFIER = com.mohit.ViewControllerStateMachine;
				PRODUCT_NAME = "$(TARGET_NAME)";
				SWIFT_VERSION = 5.0;
				TARGETED_DEVICE_FAMILY = "1,2";
			};
			name = Release;
		};
		05F5BC13247CDBB200EE9090 /* Debug */ = {
			isa = XCBuildConfiguration;
			buildSettings = {
				ALWAYS_EMBED_SWIFT_STANDARD_LIBRARIES = YES;
				BUNDLE_LOADER = "$(TEST_HOST)";
				CODE_SIGN_STYLE = Automatic;
				INFOPLIST_FILE = ViewControllerStateMachineTests/Info.plist;
				IPHONEOS_DEPLOYMENT_TARGET = 13.4;
				LD_RUNPATH_SEARCH_PATHS = (
					"$(inherited)",
					"@executable_path/Frameworks",
					"@loader_path/Frameworks",
				);
				PRODUCT_BUNDLE_IDENTIFIER = com.mohit.ViewControllerStateMachineTests;
				PRODUCT_NAME = "$(TARGET_NAME)";
				SWIFT_VERSION = 5.0;
				TARGETED_DEVICE_FAMILY = "1,2";
				TEST_HOST = "$(BUILT_PRODUCTS_DIR)/ViewControllerStateMachine.app/ViewControllerStateMachine";
			};
			name = Debug;
		};
		05F5BC14247CDBB200EE9090 /* Release */ = {
			isa = XCBuildConfiguration;
			buildSettings = {
				ALWAYS_EMBED_SWIFT_STANDARD_LIBRARIES = YES;
				BUNDLE_LOADER = "$(TEST_HOST)";
				CODE_SIGN_STYLE = Automatic;
				INFOPLIST_FILE = ViewControllerStateMachineTests/Info.plist;
				IPHONEOS_DEPLOYMENT_TARGET = 13.4;
				LD_RUNPATH_SEARCH_PATHS = (
					"$(inherited)",
					"@executable_path/Frameworks",
					"@loader_path/Frameworks",
				);
				PRODUCT_BUNDLE_IDENTIFIER = com.mohit.ViewControllerStateMachineTests;
				PRODUCT_NAME = "$(TARGET_NAME)";
				SWIFT_VERSION = 5.0;
				TARGETED_DEVICE_FAMILY = "1,2";
				TEST_HOST = "$(BUILT_PRODUCTS_DIR)/ViewControllerStateMachine.app/ViewControllerStateMachine";
			};
			name = Release;
		};
		05F5BC16247CDBB200EE9090 /* Debug */ = {
			isa = XCBuildConfiguration;
			buildSettings = {
				ALWAYS_EMBED_SWIFT_STANDARD_LIBRARIES = YES;
				CODE_SIGN_STYLE = Automatic;
				INFOPLIST_FILE = ViewControllerStateMachineUITests/Info.plist;
				LD_RUNPATH_SEARCH_PATHS = (
					"$(inherited)",
					"@executable_path/Frameworks",
					"@loader_path/Frameworks",
				);
				PRODUCT_BUNDLE_IDENTIFIER = com.mohit.ViewControllerStateMachineUITests;
				PRODUCT_NAME = "$(TARGET_NAME)";
				SWIFT_VERSION = 5.0;
				TARGETED_DEVICE_FAMILY = "1,2";
				TEST_TARGET_NAME = ViewControllerStateMachine;
			};
			name = Debug;
		};
		05F5BC17247CDBB200EE9090 /* Release */ = {
			isa = XCBuildConfiguration;
			buildSettings = {
				ALWAYS_EMBED_SWIFT_STANDARD_LIBRARIES = YES;
				CODE_SIGN_STYLE = Automatic;
				INFOPLIST_FILE = ViewControllerStateMachineUITests/Info.plist;
				LD_RUNPATH_SEARCH_PATHS = (
					"$(inherited)",
					"@executable_path/Frameworks",
					"@loader_path/Frameworks",
				);
				PRODUCT_BUNDLE_IDENTIFIER = com.mohit.ViewControllerStateMachineUITests;
				PRODUCT_NAME = "$(TARGET_NAME)";
				SWIFT_VERSION = 5.0;
				TARGETED_DEVICE_FAMILY = "1,2";
				TEST_TARGET_NAME = ViewControllerStateMachine;
			};
			name = Release;
		};
/* End XCBuildConfiguration section */

/* Begin XCConfigurationList section */
		05F5BBDD247CDBB100EE9090 /* Build configuration list for PBXProject "ViewControllerStateMachine" */ = {
			isa = XCConfigurationList;
			buildConfigurations = (
				05F5BC0D247CDBB200EE9090 /* Debug */,
				05F5BC0E247CDBB200EE9090 /* Release */,
			);
			defaultConfigurationIsVisible = 0;
			defaultConfigurationName = Release;
		};
		05F5BC0F247CDBB200EE9090 /* Build configuration list for PBXNativeTarget "ViewControllerStateMachine" */ = {
			isa = XCConfigurationList;
			buildConfigurations = (
				05F5BC10247CDBB200EE9090 /* Debug */,
				05F5BC11247CDBB200EE9090 /* Release */,
			);
			defaultConfigurationIsVisible = 0;
			defaultConfigurationName = Release;
		};
		05F5BC12247CDBB200EE9090 /* Build configuration list for PBXNativeTarget "ViewControllerStateMachineTests" */ = {
			isa = XCConfigurationList;
			buildConfigurations = (
				05F5BC13247CDBB200EE9090 /* Debug */,
				05F5BC14247CDBB200EE9090 /* Release */,
			);
			defaultConfigurationIsVisible = 0;
			defaultConfigurationName = Release;
		};
		05F5BC15247CDBB200EE9090 /* Build configuration list for PBXNativeTarget "ViewControllerStateMachineUITests" */ = {
			isa = XCConfigurationList;
			buildConfigurations = (
				05F5BC16247CDBB200EE9090 /* Debug */,
				05F5BC17247CDBB200EE9090 /* Release */,
			);
			defaultConfigurationIsVisible = 0;
			defaultConfigurationName = Release;
		};
/* End XCConfigurationList section */

/* Begin XCVersionGroup section */
		05F5BBEE247CDBB200EE9090 /* ViewControllerStateMachine.xcdatamodeld */ = {
			isa = XCVersionGroup;
			children = (
				05F5BBEF247CDBB200EE9090 /* ViewControllerStateMachine.xcdatamodel */,
			);
			currentVersion = 05F5BBEF247CDBB200EE9090 /* ViewControllerStateMachine.xcdatamodel */;
			path = ViewControllerStateMachine.xcdatamodeld;
			sourceTree = "<group>";
			versionGroupType = wrapper.xcdatamodel;
		};
/* End XCVersionGroup section */
	};
	rootObject = 05F5BBDA247CDBB100EE9090 /* Project object */;
}
